// !$*UTF8*$!
{
	archiveVersion = 1;
	classes = {
	};
	objectVersion = 46;
	objects = {

/* Begin PBXBuildFile section */
		F10C04221C82ED6300EFDB85 /* AppDelegate.swift in Sources */ = {isa = PBXBuildFile; fileRef = F10C04211C82ED6300EFDB85 /* AppDelegate.swift */; };
		F10C04241C82ED6300EFDB85 /* ViewController.swift in Sources */ = {isa = PBXBuildFile; fileRef = F10C04231C82ED6300EFDB85 /* ViewController.swift */; };
		F10C04271C82ED6300EFDB85 /* Main.storyboard in Resources */ = {isa = PBXBuildFile; fileRef = F10C04251C82ED6300EFDB85 /* Main.storyboard */; };
		F10C04291C82ED6300EFDB85 /* Assets.xcassets in Resources */ = {isa = PBXBuildFile; fileRef = F10C04281C82ED6300EFDB85 /* Assets.xcassets */; };
/* End PBXBuildFile section */

/* Begin PBXFileReference section */
		F10C041E1C82ED6300EFDB85 /* AbletiveTV.app */ = {isa = PBXFileReference; explicitFileType = wrapper.application; includeInIndex = 0; path = AbletiveTV.app; sourceTree = BUILT_PRODUCTS_DIR; };
		F10C04211C82ED6300EFDB85 /* AppDelegate.swift */ = {isa = PBXFileReference; lastKnownFileType = sourcecode.swift; path = AppDelegate.swift; sourceTree = "<group>"; };
		F10C04231C82ED6300EFDB85 /* ViewController.swift */ = {isa = PBXFileReference; lastKnownFileType = sourcecode.swift; path = ViewController.swift; sourceTree = "<group>"; };
		F10C04261C82ED6300EFDB85 /* Base */ = {isa = PBXFileReference; lastKnownFileType = file.storyboard; name = Base; path = Base.lproj/Main.storyboard; sourceTree = "<group>"; };
		F10C04281C82ED6300EFDB85 /* Assets.xcassets */ = {isa = PBXFileReference; lastKnownFileType = folder.assetcatalog; path = Assets.xcassets; sourceTree = "<group>"; };
		F10C042A1C82ED6300EFDB85 /* Info.plist */ = {isa = PBXFileReference; lastKnownFileType = text.plist.xml; path = Info.plist; sourceTree = "<group>"; };
/* End PBXFileReference section */

/* Begin PBXFrameworksBuildPhase section */
		F10C041B1C82ED6300EFDB85 /* Frameworks */ = {
			isa = PBXFrameworksBuildPhase;
			buildActionMask = 2147483647;
			files = (
			);
			runOnlyForDeploymentPostprocessing = 0;
		};
/* End PBXFrameworksBuildPhase section */

/* Begin PBXGroup section */
		F10C04151C82ED6300EFDB85 = {
			isa = PBXGroup;
			children = (
				F10C04201C82ED6300EFDB85 /* AbletiveTV */,
				F10C041F1C82ED6300EFDB85 /* Products */,
			);
			sourceTree = "<group>";
		};
		F10C041F1C82ED6300EFDB85 /* Products */ = {
			isa = PBXGroup;
			children = (
				F10C041E1C82ED6300EFDB85 /* AbletiveTV.app */,
			);
			name = Products;
			sourceTree = "<group>";
		};
		F10C04201C82ED6300EFDB85 /* AbletiveTV */ = {
			isa = PBXGroup;
			children = (
				F10C04211C82ED6300EFDB85 /* AppDelegate.swift */,
				F10C04231C82ED6300EFDB85 /* ViewController.swift */,
				F10C04251C82ED6300EFDB85 /* Main.storyboard */,
				F10C04281C82ED6300EFDB85 /* Assets.xcassets */,
				F10C042A1C82ED6300EFDB85 /* Info.plist */,
			);
			path = AbletiveTV;
			sourceTree = "<group>";
		};
/* End PBXGroup section */

/* Begin PBXNativeTarget section */
		F10C041D1C82ED6300EFDB85 /* AbletiveTV */ = {
			isa = PBXNativeTarget;
			buildConfigurationList = F10C042D1C82ED6300EFDB85 /* Build configuration list for PBXNativeTarget "AbletiveTV" */;
			buildPhases = (
				F10C041A1C82ED6300EFDB85 /* Sources */,
				F10C041B1C82ED6300EFDB85 /* Frameworks */,
				F10C041C1C82ED6300EFDB85 /* Resources */,
			);
			buildRules = (
			);
			dependencies = (
			);
			name = AbletiveTV;
			productName = AbletiveTV;
			productReference = F10C041E1C82ED6300EFDB85 /* AbletiveTV.app */;
			productType = "com.apple.product-type.application";
		};
/* End PBXNativeTarget section */

/* Begin PBXProject section */
		F10C04161C82ED6300EFDB85 /* Project object */ = {
			isa = PBXProject;
			attributes = {
				LastSwiftUpdateCheck = 0720;
				LastUpgradeCheck = 0720;
				ORGANIZATIONNAME = "Cali Castle";
				TargetAttributes = {
					F10C041D1C82ED6300EFDB85 = {
						CreatedOnToolsVersion = 7.2.1;
						DevelopmentTeam = LAAKXKAVC9;
					};
				};
			};
			buildConfigurationList = F10C04191C82ED6300EFDB85 /* Build configuration list for PBXProject "AbletiveTV" */;
			compatibilityVersion = "Xcode 3.2";
			developmentRegion = English;
			hasScannedForEncodings = 0;
			knownRegions = (
				en,
				Base,
			);
			mainGroup = F10C04151C82ED6300EFDB85;
			productRefGroup = F10C041F1C82ED6300EFDB85 /* Products */;
			projectDirPath = "";
			projectRoot = "";
			targets = (
				F10C041D1C82ED6300EFDB85 /* AbletiveTV */,
			);
		};
/* End PBXProject section */

/* Begin PBXResourcesBuildPhase section */
		F10C041C1C82ED6300EFDB85 /* Resources */ = {
			isa = PBXResourcesBuildPhase;
			buildActionMask = 2147483647;
			files = (
				F10C04291C82ED6300EFDB85 /* Assets.xcassets in Resources */,
				F10C04271C82ED6300EFDB85 /* Main.storyboard in Resources */,
			);
			runOnlyForDeploymentPostprocessing = 0;
		};
/* End PBXResourcesBuildPhase section */

/* Begin PBXSourcesBuildPhase section */
		F10C041A1C82ED6300EFDB85 /* Sources */ = {
			isa = PBXSourcesBuildPhase;
			buildActionMask = 2147483647;
			files = (
				F10C04241C82ED6300EFDB85 /* ViewController.swift in Sources */,
				F10C04221C82ED6300EFDB85 /* AppDelegate.swift in Sources */,
			);
			runOnlyForDeploymentPostprocessing = 0;
		};
/* End PBXSourcesBuildPhase section */

/* Begin PBXVariantGroup section */
		F10C04251C82ED6300EFDB85 /* Main.storyboard */ = {
			isa = PBXVariantGroup;
			children = (
				F10C04261C82ED6300EFDB85 /* Base */,
			);
			name = Main.storyboard;
			sourceTree = "<group>";
		};
/* End PBXVariantGroup section */

/* Begin XCBuildConfiguration section */
		F10C042B1C82ED6300EFDB85 /* Debug */ = {
			isa = XCBuildConfiguration;
			buildSettings = {
				ALWAYS_SEARCH_USER_PATHS = NO;
				CLANG_CXX_LANGUAGE_STANDARD = "gnu++0x";
				CLANG_CXX_LIBRARY = "libc++";
				CLANG_ENABLE_MODULES = YES;
				CLANG_ENABLE_OBJC_ARC = YES;
				CLANG_WARN_BOOL_CONVERSION = YES;
				CLANG_WARN_CONSTANT_CONVERSION = YES;
				CLANG_WARN_DIRECT_OBJC_ISA_USAGE = YES_ERROR;
				CLANG_WARN_EMPTY_BODY = YES;
				CLANG_WARN_ENUM_CONVERSION = YES;
				CLANG_WARN_INT_CONVERSION = YES;
				CLANG_WARN_OBJC_ROOT_CLASS = YES_ERROR;
				CLANG_WARN_UNREACHABLE_CODE = YES;
				CLANG_WARN__DUPLICATE_METHOD_MATCH = YES;
				COPY_PHASE_STRIP = NO;
				DEBUG_INFORMATION_FORMAT = dwarf;
				ENABLE_STRICT_OBJC_MSGSEND = YES;
				ENABLE_TESTABILITY = YES;
				GCC_C_LANGUAGE_STANDARD = gnu99;
				GCC_DYNAMIC_NO_PIC = NO;
				GCC_NO_COMMON_BLOCKS = YES;
				GCC_OPTIMIZATION_LEVEL = 0;
				GCC_PREPROCESSOR_DEFINITIONS = (
					"DEBUG=1",
					"$(inherited)",
				);
				GCC_WARN_64_TO_32_BIT_CONVERSION = YES;
				GCC_WARN_ABOUT_RETURN_TYPE = YES_ERROR;
				GCC_WARN_UNDECLARED_SELECTOR = YES;
				GCC_WARN_UNINITIALIZED_AUTOS = YES_AGGRESSIVE;
				GCC_WARN_UNUSED_FUNCTION = YES;
				GCC_WARN_UNUSED_VARIABLE = YES;
				MTL_ENABLE_DEBUG_INFO = YES;
				ONLY_ACTIVE_ARCH = YES;
				SDKROOT = appletvos;
				SWIFT_OPTIMIZATION_LEVEL = "-Onone";
				TARGETED_DEVICE_FAMILY = 3;
				TVOS_DEPLOYMENT_TARGET = 9.1;
			};
			name = Debug;
		};
		F10C042C1C82ED6300EFDB85 /* Release */ = {
			isa = XCBuildConfiguration;
			buildSettings = {
				ALWAYS_SEARCH_USER_PATHS = NO;
				CLANG_CXX_LANGUAGE_STANDARD = "gnu++0x";
				CLANG_CXX_LIBRARY = "libc++";
				CLANG_ENABLE_MODULES = YES;
				CLANG_ENABLE_OBJC_ARC = YES;
				CLANG_WARN_BOOL_CONVERSION = YES;
				CLANG_WARN_CONSTANT_CONVERSION = YES;
				CLANG_WARN_DIRECT_OBJC_ISA_USAGE = YES_ERROR;
				CLANG_WARN_EMPTY_BODY = YES;
				CLANG_WARN_ENUM_CONVERSION = YES;
				CLANG_WARN_INT_CONVERSION = YES;
				CLANG_WARN_OBJC_ROOT_CLASS = YES_ERROR;
				CLANG_WARN_UNREACHABLE_CODE = YES;
				CLANG_WARN__DUPLICATE_METHOD_MATCH = YES;
				COPY_PHASE_STRIP = NO;
				DEBUG_INFORMATION_FORMAT = "dwarf-with-dsym";
				ENABLE_NS_ASSERTIONS = NO;
				ENABLE_STRICT_OBJC_MSGSEND = YES;
				GCC_C_LANGUAGE_STANDARD = gnu99;
				GCC_NO_COMMON_BLOCKS = YES;
				GCC_WARN_64_TO_32_BIT_CONVERSION = YES;
				GCC_WARN_ABOUT_RETURN_TYPE = YES_ERROR;
				GCC_WARN_UNDECLARED_SELECTOR = YES;
				GCC_WARN_UNINITIALIZED_AUTOS = YES_AGGRESSIVE;
				GCC_WARN_UNUSED_FUNCTION = YES;
				GCC_WARN_UNUSED_VARIABLE = YES;
				MTL_ENABLE_DEBUG_INFO = NO;
				SDKROOT = appletvos;
				TARGETED_DEVICE_FAMILY = 3;
				TVOS_DEPLOYMENT_TARGET = 9.1;
				VALIDATE_PRODUCT = YES;
			};
			name = Release;
		};
		F10C042E1C82ED6300EFDB85 /* Debug */ = {
			isa = XCBuildConfiguration;
			buildSettings = {
				ASSETCATALOG_COMPILER_APPICON_NAME = "App Icon & Top Shelf Image";
				ASSETCATALOG_COMPILER_LAUNCHIMAGE_NAME = LaunchImage;
				CODE_SIGN_IDENTITY = "iPhone Developer";
				INFOPLIST_FILE = AbletiveTV/Info.plist;
				LD_RUNPATH_SEARCH_PATHS = "$(inherited) @executable_path/Frameworks";
				PRODUCT_BUNDLE_IDENTIFIER = com.calicastle.Abletive;
				PRODUCT_NAME = "$(TARGET_NAME)";
				TVOS_DEPLOYMENT_TARGET = 9.0;
			};
			name = Debug;
		};
		F10C042F1C82ED6300EFDB85 /* Release */ = {
			isa = XCBuildConfiguration;
			buildSettings = {
				ASSETCATALOG_COMPILER_APPICON_NAME = "App Icon & Top Shelf Image";
				ASSETCATALOG_COMPILER_LAUNCHIMAGE_NAME = LaunchImage;
				CODE_SIGN_IDENTITY = "iPhone Developer";
				INFOPLIST_FILE = AbletiveTV/Info.plist;
				LD_RUNPATH_SEARCH_PATHS = "$(inherited) @executable_path/Frameworks";
				PRODUCT_BUNDLE_IDENTIFIER = com.calicastle.Abletive;
				PRODUCT_NAME = "$(TARGET_NAME)";
				PROVISIONING_PROFILE = "";
				TVOS_DEPLOYMENT_TARGET = 9.0;
			};
			name = Release;
		};
/* End XCBuildConfiguration section */

/* Begin XCConfigurationList section */
		F10C04191C82ED6300EFDB85 /* Build configuration list for PBXProject "AbletiveTV" */ = {
			isa = XCConfigurationList;
			buildConfigurations = (
				F10C042B1C82ED6300EFDB85 /* Debug */,
				F10C042C1C82ED6300EFDB85 /* Release */,
			);
			defaultConfigurationIsVisible = 0;
			defaultConfigurationName = Release;
		};
		F10C042D1C82ED6300EFDB85 /* Build configuration list for PBXNativeTarget "AbletiveTV" */ = {
			isa = XCConfigurationList;
			buildConfigurations = (
				F10C042E1C82ED6300EFDB85 /* Debug */,
				F10C042F1C82ED6300EFDB85 /* Release */,
			);
			defaultConfigurationIsVisible = 0;
			defaultConfigurationName = Release;
		};
/* End XCConfigurationList section */
	};
	rootObject = F10C04161C82ED6300EFDB85 /* Project object */;
}
